
Microsoft Visual Studio Solution File, Format Version 12.00
# Visual Studio Version 16
VisualStudioVersion = 16.0.28705.295
MinimumVisualStudioVersion = 10.0.40219.1
Project("{FAE04EC0-301F-11D3-BF4B-00C04F79EFBC}") = "FindPi", "FindPi\FindPi.csproj", "{58B33813-FA88-4FB3-8CE7-CF2129FFBA59}"
EndProject
Global
	GlobalSection(SolutionConfigurationPlatforms) = preSolution
		Debug|Any CPU = Debug|Any CPU
		Release|Any CPU = Release|Any CPU
	EndGlobalSection
	GlobalSection(ProjectConfigurationPlatforms) = postSolution
		{58B33813-FA88-4FB3-8CE7-CF2129FFBA59}.Debug|Any CPU.ActiveCfg = Debug|Any CPU
		{58B33813-FA88-4FB3-8CE7-CF2129FFBA59}.Debug|Any CPU.Build.0 = Debug|Any CPU
		{58B33813-FA88-4FB3-8CE7-CF2129FFBA59}.Release|Any CPU.ActiveCfg = Release|Any CPU
		{58B33813-FA88-4FB3-8CE7-CF2129FFBA59}.Release|Any CPU.Build.0 = Release|Any CPU
	EndGlobalSection
	GlobalSection(SolutionProperties) = preSolution
		HideSolutionNode = FALSE
	EndGlobalSection
	GlobalSection(ExtensibilityGlobals) = postSolution
		SolutionGuid = {404FCA99-C075-4F7C-8726-FDC151B851AF}
	EndGlobalSection
EndGlobal
